
Microsoft Visual Studio Solution File, Format Version 11.00
# Visual Studio 2010
Project("{FAE04EC0-301F-11D3-BF4B-00C04F79EFBC}") = "SampleConsoleApplication", "SampleConsoleApplication\SampleConsoleApplication.csproj", "{F3758EA0-BB33-44CE-9D27-F44C9D1E3BDC}"
EndProject
Project("{FAE04EC0-301F-11D3-BF4B-00C04F79EFBC}") = "SampleConsoleApplication.TransientErrors", "SampleConsoleApplication.TransientErrors\SampleConsoleApplication.TransientErrors.csproj", "{8B5F1809-E646-46E7-9429-08FC14C11B77}"
EndProject
Global
	GlobalSection(SolutionConfigurationPlatforms) = preSolution
		Debug|Any CPU = Debug|Any CPU
		Debug|Mixed Platforms = Debug|Mixed Platforms
		Debug|x86 = Debug|x86
		Release|Any CPU = Release|Any CPU
		Release|Mixed Platforms = Release|Mixed Platforms
		Release|x86 = Release|x86
	EndGlobalSection
	GlobalSection(ProjectConfigurationPlatforms) = postSolution
		{F3758EA0-BB33-44CE-9D27-F44C9D1E3BDC}.Debug|Any CPU.ActiveCfg = Debug|x86
		{F3758EA0-BB33-44CE-9D27-F44C9D1E3BDC}.Debug|Mixed Platforms.ActiveCfg = Debug|x86
		{F3758EA0-BB33-44CE-9D27-F44C9D1E3BDC}.Debug|Mixed Platforms.Build.0 = Debug|x86
		{F3758EA0-BB33-44CE-9D27-F44C9D1E3BDC}.Debug|x86.ActiveCfg = Debug|x86
		{F3758EA0-BB33-44CE-9D27-F44C9D1E3BDC}.Debug|x86.Build.0 = Debug|x86
		{F3758EA0-BB33-44CE-9D27-F44C9D1E3BDC}.Release|Any CPU.ActiveCfg = Release|x86
		{F3758EA0-BB33-44CE-9D27-F44C9D1E3BDC}.Release|Mixed Platforms.ActiveCfg = Release|x86
		{F3758EA0-BB33-44CE-9D27-F44C9D1E3BDC}.Release|Mixed Platforms.Build.0 = Release|x86
		{F3758EA0-BB33-44CE-9D27-F44C9D1E3BDC}.Release|x86.ActiveCfg = Release|x86
		{F3758EA0-BB33-44CE-9D27-F44C9D1E3BDC}.Release|x86.Build.0 = Release|x86
		{8B5F1809-E646-46E7-9429-08FC14C11B77}.Debug|Any CPU.ActiveCfg = Debug|Any CPU
		{8B5F1809-E646-46E7-9429-08FC14C11B77}.Debug|Any CPU.Build.0 = Debug|Any CPU
		{8B5F1809-E646-46E7-9429-08FC14C11B77}.Debug|Mixed Platforms.ActiveCfg = Debug|Any CPU
		{8B5F1809-E646-46E7-9429-08FC14C11B77}.Debug|Mixed Platforms.Build.0 = Debug|Any CPU
		{8B5F1809-E646-46E7-9429-08FC14C11B77}.Debug|x86.ActiveCfg = Debug|Any CPU
		{8B5F1809-E646-46E7-9429-08FC14C11B77}.Release|Any CPU.ActiveCfg = Release|Any CPU
		{8B5F1809-E646-46E7-9429-08FC14C11B77}.Release|Any CPU.Build.0 = Release|Any CPU
		{8B5F1809-E646-46E7-9429-08FC14C11B77}.Release|Mixed Platforms.ActiveCfg = Release|Any CPU
		{8B5F1809-E646-46E7-9429-08FC14C11B77}.Release|Mixed Platforms.Build.0 = Release|Any CPU
		{8B5F1809-E646-46E7-9429-08FC14C11B77}.Release|x86.ActiveCfg = Release|Any CPU
	EndGlobalSection
	GlobalSection(SolutionProperties) = preSolution
		HideSolutionNode = FALSE
	EndGlobalSection
	GlobalSection(ExtensibilityGlobals) = postSolution
		EnterpriseLibraryConfigurationToolBinariesPath = packages\Unity.2.1.505.0\lib\NET35;packages\Unity.Interception.2.1.505.0\lib\NET35;packages\EnterpriseLibrary.Common.5.0.505.0\lib\NET35;packages\TransientFaultHandling.Core.5.0.1118.0\lib\NET35;packages\EnterpriseLibrary.WindowsAzure.TransientFaultHandling.5.0.1118.1\lib\NET4;packages\EnterpriseLibrary.WindowsAzure.TransientFaultHandling.5.0.1118.1\DesignTime
	EndGlobalSection
EndGlobal
