
Microsoft Visual Studio Solution File, Format Version 12.00
# Visual Studio Version 16
VisualStudioVersion = 16.0.29613.14
MinimumVisualStudioVersion = 10.0.40219.1
Project("{9A19103F-16F7-4668-BE54-9A1E7A4F7556}") = "Workbench", "Workbench\Workbench.csproj", "{61931B98-E992-4B87-B7B0-44ECFFDC9C64}"
EndProject
Project("{9A19103F-16F7-4668-BE54-9A1E7A4F7556}") = "MySqlParser.TerminalApp", "MySqlParser.TerminalApp\MySqlParser.TerminalApp.csproj", "{36068CDB-CC41-4B06-AA55-2B7DAD1DC998}"
EndProject
Global
	GlobalSection(SolutionConfigurationPlatforms) = preSolution
		Debug|Any CPU = Debug|Any CPU
		Release|Any CPU = Release|Any CPU
	EndGlobalSection
	GlobalSection(ProjectConfigurationPlatforms) = postSolution
		{61931B98-E992-4B87-B7B0-44ECFFDC9C64}.Debug|Any CPU.ActiveCfg = Debug|Any CPU
		{61931B98-E992-4B87-B7B0-44ECFFDC9C64}.Debug|Any CPU.Build.0 = Debug|Any CPU
		{61931B98-E992-4B87-B7B0-44ECFFDC9C64}.Release|Any CPU.ActiveCfg = Release|Any CPU
		{61931B98-E992-4B87-B7B0-44ECFFDC9C64}.Release|Any CPU.Build.0 = Release|Any CPU
		{36068CDB-CC41-4B06-AA55-2B7DAD1DC998}.Debug|Any CPU.ActiveCfg = Debug|Any CPU
		{36068CDB-CC41-4B06-AA55-2B7DAD1DC998}.Debug|Any CPU.Build.0 = Debug|Any CPU
		{36068CDB-CC41-4B06-AA55-2B7DAD1DC998}.Release|Any CPU.ActiveCfg = Release|Any CPU
		{36068CDB-CC41-4B06-AA55-2B7DAD1DC998}.Release|Any CPU.Build.0 = Release|Any CPU
	EndGlobalSection
	GlobalSection(SolutionProperties) = preSolution
		HideSolutionNode = FALSE
	EndGlobalSection
	GlobalSection(ExtensibilityGlobals) = postSolution
		SolutionGuid = {581ABB10-6DE6-403F-A596-2A2F472F2409}
	EndGlobalSection
EndGlobal
