
Microsoft Visual Studio Solution File, Format Version 12.00
# Visual Studio 2013
VisualStudioVersion = 12.0.31101.0
MinimumVisualStudioVersion = 10.0.40219.1
Project("{FAE04EC0-301F-11D3-BF4B-00C04F79EFBC}") = "Sample.UnityPlugin", "Sample.UnityPlugin\Sample.UnityPlugin.csproj", "{4F2C5E69-8EC8-4147-B7A7-5ECCB4A6CB61}"
EndProject
Project("{FAE04EC0-301F-11D3-BF4B-00C04F79EFBC}") = "Sample.UnityPlugin.Contracts", "Sample.UnityPlugin.Contracts\Sample.UnityPlugin.Contracts.csproj", "{F2082C67-B12C-4B13-80DC-29944CD311FD}"
EndProject
Project("{FAE04EC0-301F-11D3-BF4B-00C04F79EFBC}") = "Sample.UnityPlugin.Cocoa", "Sample.UnityPlugin.Cocoa\Sample.UnityPlugin.Cocoa.csproj", "{A0F713CB-693C-4F48-A87D-3120ECBC6191}"
EndProject
Global
	GlobalSection(SolutionConfigurationPlatforms) = preSolution
		Debug|Any CPU = Debug|Any CPU
		Release|Any CPU = Release|Any CPU
	EndGlobalSection
	GlobalSection(ProjectConfigurationPlatforms) = postSolution
		{4F2C5E69-8EC8-4147-B7A7-5ECCB4A6CB61}.Debug|Any CPU.ActiveCfg = Debug|Any CPU
		{4F2C5E69-8EC8-4147-B7A7-5ECCB4A6CB61}.Debug|Any CPU.Build.0 = Debug|Any CPU
		{4F2C5E69-8EC8-4147-B7A7-5ECCB4A6CB61}.Release|Any CPU.ActiveCfg = Release|Any CPU
		{4F2C5E69-8EC8-4147-B7A7-5ECCB4A6CB61}.Release|Any CPU.Build.0 = Release|Any CPU
		{F2082C67-B12C-4B13-80DC-29944CD311FD}.Debug|Any CPU.ActiveCfg = Debug|Any CPU
		{F2082C67-B12C-4B13-80DC-29944CD311FD}.Debug|Any CPU.Build.0 = Debug|Any CPU
		{F2082C67-B12C-4B13-80DC-29944CD311FD}.Release|Any CPU.ActiveCfg = Release|Any CPU
		{F2082C67-B12C-4B13-80DC-29944CD311FD}.Release|Any CPU.Build.0 = Release|Any CPU
		{A0F713CB-693C-4F48-A87D-3120ECBC6191}.Debug|Any CPU.ActiveCfg = Debug|Any CPU
		{A0F713CB-693C-4F48-A87D-3120ECBC6191}.Debug|Any CPU.Build.0 = Debug|Any CPU
		{A0F713CB-693C-4F48-A87D-3120ECBC6191}.Release|Any CPU.ActiveCfg = Release|Any CPU
		{A0F713CB-693C-4F48-A87D-3120ECBC6191}.Release|Any CPU.Build.0 = Release|Any CPU
	EndGlobalSection
	GlobalSection(SolutionProperties) = preSolution
		HideSolutionNode = FALSE
	EndGlobalSection
	GlobalSection(ExtensibilityGlobals) = postSolution
		EnterpriseLibraryConfigurationToolBinariesPath = packages\Unity.2.1.505.0\lib\NET35
	EndGlobalSection
EndGlobal
