
Microsoft Visual Studio Solution File, Format Version 12.00
# Visual Studio 2013
VisualStudioVersion = 12.0.40629.0
MinimumVisualStudioVersion = 10.0.40219.1
Project("{FAE04EC0-301F-11D3-BF4B-00C04F79EFBC}") = "AutoGenDB", "AutoGenDB\AutoGenDB.csproj", "{52823709-3E26-4A23-93FE-CA24EAB075F9}"
EndProject
Project("{00D1A9C2-B5F0-4AF3-8072-F6C62B433612}") = "AutoGenDB.Database", "AutoGenDB.Database\AutoGenDB.Database.sqlproj", "{53E0A5F9-B4F0-4513-B66B-342829282E88}"
EndProject
Global
	GlobalSection(SolutionConfigurationPlatforms) = preSolution
		Debug|Any CPU = Debug|Any CPU
		Release|Any CPU = Release|Any CPU
	EndGlobalSection
	GlobalSection(ProjectConfigurationPlatforms) = postSolution
		{52823709-3E26-4A23-93FE-CA24EAB075F9}.Debug|Any CPU.ActiveCfg = Debug|Any CPU
		{52823709-3E26-4A23-93FE-CA24EAB075F9}.Debug|Any CPU.Build.0 = Debug|Any CPU
		{52823709-3E26-4A23-93FE-CA24EAB075F9}.Release|Any CPU.ActiveCfg = Release|Any CPU
		{52823709-3E26-4A23-93FE-CA24EAB075F9}.Release|Any CPU.Build.0 = Release|Any CPU
		{53E0A5F9-B4F0-4513-B66B-342829282E88}.Debug|Any CPU.ActiveCfg = Debug|Any CPU
		{53E0A5F9-B4F0-4513-B66B-342829282E88}.Debug|Any CPU.Build.0 = Debug|Any CPU
		{53E0A5F9-B4F0-4513-B66B-342829282E88}.Debug|Any CPU.Deploy.0 = Debug|Any CPU
		{53E0A5F9-B4F0-4513-B66B-342829282E88}.Release|Any CPU.ActiveCfg = Release|Any CPU
		{53E0A5F9-B4F0-4513-B66B-342829282E88}.Release|Any CPU.Build.0 = Release|Any CPU
		{53E0A5F9-B4F0-4513-B66B-342829282E88}.Release|Any CPU.Deploy.0 = Release|Any CPU
	EndGlobalSection
	GlobalSection(SolutionProperties) = preSolution
		HideSolutionNode = FALSE
	EndGlobalSection
EndGlobal
