
Microsoft Visual Studio Solution File, Format Version 12.00
# Visual Studio 14
VisualStudioVersion = 14.0.23107.0
MinimumVisualStudioVersion = 10.0.40219.1
Project("{FAE04EC0-301F-11D3-BF4B-00C04F79EFBC}") = "DataTableSample", "DataTableSample\DataTableSample.csproj", "{BA1BB351-2399-451E-B0EC-74475FCC813F}"
EndProject
Project("{FAE04EC0-301F-11D3-BF4B-00C04F79EFBC}") = "DataTables", "DataTables\DataTables.csproj", "{9328D1CB-C76D-4B35-B118-B0E46540C8E8}"
EndProject
Global
	GlobalSection(SolutionConfigurationPlatforms) = preSolution
		Debug|Any CPU = Debug|Any CPU
		Release|Any CPU = Release|Any CPU
	EndGlobalSection
	GlobalSection(ProjectConfigurationPlatforms) = postSolution
		{BA1BB351-2399-451E-B0EC-74475FCC813F}.Debug|Any CPU.ActiveCfg = Debug|Any CPU
		{BA1BB351-2399-451E-B0EC-74475FCC813F}.Debug|Any CPU.Build.0 = Debug|Any CPU
		{BA1BB351-2399-451E-B0EC-74475FCC813F}.Release|Any CPU.ActiveCfg = Release|Any CPU
		{BA1BB351-2399-451E-B0EC-74475FCC813F}.Release|Any CPU.Build.0 = Release|Any CPU
		{9328D1CB-C76D-4B35-B118-B0E46540C8E8}.Debug|Any CPU.ActiveCfg = Debug|Any CPU
		{9328D1CB-C76D-4B35-B118-B0E46540C8E8}.Debug|Any CPU.Build.0 = Debug|Any CPU
		{9328D1CB-C76D-4B35-B118-B0E46540C8E8}.Release|Any CPU.ActiveCfg = Release|Any CPU
		{9328D1CB-C76D-4B35-B118-B0E46540C8E8}.Release|Any CPU.Build.0 = Release|Any CPU
	EndGlobalSection
	GlobalSection(SolutionProperties) = preSolution
		HideSolutionNode = FALSE
	EndGlobalSection
EndGlobal
